
Microsoft Visual Studio Solution File, Format Version 12.00
Project("{FAE04EC0-301F-11D3-BF4B-00C04F79EFBC}") = "RazorBlog", "src\RazorBlog\RazorBlog.csproj", "{B8AA57BE-1D0E-4C42-99BD-E053119C7F18}"
EndProject
Project("{FAE04EC0-301F-11D3-BF4B-00C04F79EFBC}") = "BlazorBlog", "src\BlazorBlog\BlazorBlog.csproj", "{32A219DA-D31E-4601-AC02-21A377BE27A3}"
EndProject
Global
	GlobalSection(SolutionConfigurationPlatforms) = preSolution
		Debug|Any CPU = Debug|Any CPU
		Release|Any CPU = Release|Any CPU
	EndGlobalSection
	GlobalSection(ProjectConfigurationPlatforms) = postSolution
		{B8AA57BE-1D0E-4C42-99BD-E053119C7F18}.Debug|Any CPU.ActiveCfg = Debug|Any CPU
		{B8AA57BE-1D0E-4C42-99BD-E053119C7F18}.Debug|Any CPU.Build.0 = Debug|Any CPU
		{B8AA57BE-1D0E-4C42-99BD-E053119C7F18}.Release|Any CPU.ActiveCfg = Release|Any CPU
		{B8AA57BE-1D0E-4C42-99BD-E053119C7F18}.Release|Any CPU.Build.0 = Release|Any CPU
		{32A219DA-D31E-4601-AC02-21A377BE27A3}.Debug|Any CPU.ActiveCfg = Debug|Any CPU
		{32A219DA-D31E-4601-AC02-21A377BE27A3}.Debug|Any CPU.Build.0 = Debug|Any CPU
		{32A219DA-D31E-4601-AC02-21A377BE27A3}.Release|Any CPU.ActiveCfg = Release|Any CPU
		{32A219DA-D31E-4601-AC02-21A377BE27A3}.Release|Any CPU.Build.0 = Release|Any CPU
	EndGlobalSection
EndGlobal
